// !$*UTF8*$!
{
	archiveVersion = 1;
	classes = {
	};
	objectVersion = 50;
	objects = {

/* Begin PBXBuildFile section */
		B51542DC22F253C7000ADC16 /* Post.swift in Sources */ = {isa = PBXBuildFile; fileRef = 26B69D1722E51451001AD18F /* Post.swift */; };
		B51542DD22F253C7000ADC16 /* Listing.swift in Sources */ = {isa = PBXBuildFile; fileRef = 26B69D1922E51E96001AD18F /* Listing.swift */; };
		B51542DE22F253C7000ADC16 /* SortBy.swift in Sources */ = {isa = PBXBuildFile; fileRef = 26B69D2022E53213001AD18F /* SortBy.swift */; };
		B51542DF22F253C7000ADC16 /* Comment.swift in Sources */ = {isa = PBXBuildFile; fileRef = 26746F0E22ECD94B00A57918 /* Comment.swift */; };
		B51542E022F253C7000ADC16 /* Helpers.swift in Sources */ = {isa = PBXBuildFile; fileRef = 267E3D9A22ECED9C00675AC7 /* Helpers.swift */; };
		B51542E122F253C7000ADC16 /* MetadataView.swift in Sources */ = {isa = PBXBuildFile; fileRef = B5E60CB522EFD2A000A0075B /* MetadataView.swift */; };
		B51542E722F25B75000ADC16 /* SpinnerView.swift in Sources */ = {isa = PBXBuildFile; fileRef = B51542E622F25B75000ADC16 /* SpinnerView.swift */; };
		B51542EB22F25C05000ADC16 /* PostView.swift in Sources */ = {isa = PBXBuildFile; fileRef = 26B69D1C22E52B7F001AD18F /* PostView.swift */; };
		B51542EC22F25C0E000ADC16 /* PostDetailView.swift in Sources */ = {isa = PBXBuildFile; fileRef = 26BBF27022E66EAD006CC669 /* PostDetailView.swift */; };
		B51542ED22F25C14000ADC16 /* CommentsView.swift in Sources */ = {isa = PBXBuildFile; fileRef = 26746F0A22ECD4DC00A57918 /* CommentsView.swift */; };
		B51542F122F25C80000ADC16 /* ContentView.swift in Sources */ = {isa = PBXBuildFile; fileRef = B51542F022F25C80000ADC16 /* ContentView.swift */; };
		B533A68922F2533800FD3FB2 /* AppDelegate.swift in Sources */ = {isa = PBXBuildFile; fileRef = B533A68822F2533800FD3FB2 /* AppDelegate.swift */; };
		B533A68D22F2533900FD3FB2 /* Assets.xcassets in Resources */ = {isa = PBXBuildFile; fileRef = B533A68C22F2533900FD3FB2 /* Assets.xcassets */; };
		B533A69022F2533900FD3FB2 /* Preview Assets.xcassets in Resources */ = {isa = PBXBuildFile; fileRef = B533A68F22F2533900FD3FB2 /* Preview Assets.xcassets */; };
		B533A69322F2533900FD3FB2 /* Main.storyboard in Resources */ = {isa = PBXBuildFile; fileRef = B533A69122F2533900FD3FB2 /* Main.storyboard */; };
		B5712B9B22F2606000DFF152 /* SharedAssets.xcassets in Resources */ = {isa = PBXBuildFile; fileRef = B5712B9922F2604D00DFF152 /* SharedAssets.xcassets */; };
		B5712BA122F2610200DFF152 /* DetailWindowController.swift in Sources */ = {isa = PBXBuildFile; fileRef = B5712BA022F2610200DFF152 /* DetailWindowController.swift */; };
		B5712BAE22F2731600DFF152 /* PostList.swift in Sources */ = {isa = PBXBuildFile; fileRef = B5712BAD22F2731600DFF152 /* PostList.swift */; };
		B5712BB022F2807800DFF152 /* ContentViewState.swift in Sources */ = {isa = PBXBuildFile; fileRef = B5712BAF22F2807800DFF152 /* ContentViewState.swift */; };
		B57D131C22FD8F3B00E7642E /* FlairView.swift in Sources */ = {isa = PBXBuildFile; fileRef = B57D131922FD8F3500E7642E /* FlairView.swift */; };
/* End PBXBuildFile section */

/* Begin PBXFileReference section */
		26746F0A22ECD4DC00A57918 /* CommentsView.swift */ = {isa = PBXFileReference; lastKnownFileType = sourcecode.swift; path = CommentsView.swift; sourceTree = "<group>"; };
		26746F0E22ECD94B00A57918 /* Comment.swift */ = {isa = PBXFileReference; lastKnownFileType = sourcecode.swift; path = Comment.swift; sourceTree = "<group>"; };
		267E3D9A22ECED9C00675AC7 /* Helpers.swift */ = {isa = PBXFileReference; lastKnownFileType = sourcecode.swift; path = Helpers.swift; sourceTree = "<group>"; };
		26B69D1722E51451001AD18F /* Post.swift */ = {isa = PBXFileReference; lastKnownFileType = sourcecode.swift; path = Post.swift; sourceTree = "<group>"; };
		26B69D1922E51E96001AD18F /* Listing.swift */ = {isa = PBXFileReference; lastKnownFileType = sourcecode.swift; path = Listing.swift; sourceTree = "<group>"; };
		26B69D1C22E52B7F001AD18F /* PostView.swift */ = {isa = PBXFileReference; lastKnownFileType = sourcecode.swift; path = PostView.swift; sourceTree = "<group>"; };
		26B69D2022E53213001AD18F /* SortBy.swift */ = {isa = PBXFileReference; lastKnownFileType = sourcecode.swift; path = SortBy.swift; sourceTree = "<group>"; };
		26BBF27022E66EAD006CC669 /* PostDetailView.swift */ = {isa = PBXFileReference; lastKnownFileType = sourcecode.swift; path = PostDetailView.swift; sourceTree = "<group>"; };
		B508E0FF22F8F6F7002C4C76 /* banner.jpeg */ = {isa = PBXFileReference; lastKnownFileType = image.jpeg; path = banner.jpeg; sourceTree = "<group>"; };
		B51542E622F25B75000ADC16 /* SpinnerView.swift */ = {isa = PBXFileReference; lastKnownFileType = sourcecode.swift; path = SpinnerView.swift; sourceTree = "<group>"; };
		B51542F022F25C80000ADC16 /* ContentView.swift */ = {isa = PBXFileReference; lastKnownFileType = sourcecode.swift; path = ContentView.swift; sourceTree = "<group>"; };
		B533A68622F2533800FD3FB2 /* SwiftUI-StarterKit.app */ = {isa = PBXFileReference; explicitFileType = wrapper.application; includeInIndex = 0; path = "SwiftUI-StarterKit.app"; sourceTree = BUILT_PRODUCTS_DIR; };
		B533A68822F2533800FD3FB2 /* AppDelegate.swift */ = {isa = PBXFileReference; lastKnownFileType = sourcecode.swift; path = AppDelegate.swift; sourceTree = "<group>"; };
		B533A68C22F2533900FD3FB2 /* Assets.xcassets */ = {isa = PBXFileReference; lastKnownFileType = folder.assetcatalog; path = Assets.xcassets; sourceTree = "<group>"; };
		B533A68F22F2533900FD3FB2 /* Preview Assets.xcassets */ = {isa = PBXFileReference; lastKnownFileType = folder.assetcatalog; path = "Preview Assets.xcassets"; sourceTree = "<group>"; };
		B533A69222F2533900FD3FB2 /* Base */ = {isa = PBXFileReference; lastKnownFileType = file.storyboard; name = Base; path = Base.lproj/Main.storyboard; sourceTree = "<group>"; };
		B533A69422F2533900FD3FB2 /* Info.plist */ = {isa = PBXFileReference; lastKnownFileType = text.plist.xml; path = Info.plist; sourceTree = "<group>"; };
		B533A69522F2533900FD3FB2 /* SwiftUI-StarterKitentitlements */ = {isa = PBXFileReference; lastKnownFileType = text.xml; path = "SwiftUI-StarterKitentitlements"; sourceTree = "<group>"; };
		B5712B9922F2604D00DFF152 /* SharedAssets.xcassets */ = {isa = PBXFileReference; lastKnownFileType = folder.assetcatalog; path = SharedAssets.xcassets; sourceTree = "<group>"; };
		B5712BA022F2610200DFF152 /* DetailWindowController.swift */ = {isa = PBXFileReference; lastKnownFileType = sourcecode.swift; path = DetailWindowController.swift; sourceTree = "<group>"; };
		B5712BAD22F2731600DFF152 /* PostList.swift */ = {isa = PBXFileReference; lastKnownFileType = sourcecode.swift; path = PostList.swift; sourceTree = "<group>"; };
		B5712BAF22F2807800DFF152 /* ContentViewState.swift */ = {isa = PBXFileReference; lastKnownFileType = sourcecode.swift; path = ContentViewState.swift; sourceTree = "<group>"; };
		B57D131922FD8F3500E7642E /* FlairView.swift */ = {isa = PBXFileReference; lastKnownFileType = sourcecode.swift; path = FlairView.swift; sourceTree = "<group>"; };
		B59DE46B22F8CBD800D8BD1C /* README.md */ = {isa = PBXFileReference; lastKnownFileType = net.daringfireball.markdown; path = README.md; sourceTree = "<group>"; };
		B5E60CB522EFD2A000A0075B /* MetadataView.swift */ = {isa = PBXFileReference; lastKnownFileType = sourcecode.swift; path = MetadataView.swift; sourceTree = "<group>"; };
/* End PBXFileReference section */

/* Begin PBXFrameworksBuildPhase section */
		B533A68322F2533800FD3FB2 /* Frameworks */ = {
			isa = PBXFrameworksBuildPhase;
			buildActionMask = 2147483647;
			files = (
			);
			runOnlyForDeploymentPostprocessing = 0;
		};
/* End PBXFrameworksBuildPhase section */

/* Begin PBXGroup section */
		26B69D1622E51448001AD18F /* Models */ = {
			isa = PBXGroup;
			children = (
				26B69D1722E51451001AD18F /* Post.swift */,
				26B69D1922E51E96001AD18F /* Listing.swift */,
				26746F0E22ECD94B00A57918 /* Comment.swift */,
				26B69D2022E53213001AD18F /* SortBy.swift */,
			);
			path = Models;
			sourceTree = "<group>";
		};
		26C1D7E822E33FD30057DED1 = {
			isa = PBXGroup;
			children = (
				B59DE46B22F8CBD800D8BD1C /* README.md */,
				B511A2EB22EE8A2D0062B8D4 /* Shared */,
				B533A68722F2533800FD3FB2 /* SwiftUI-StarterKit */,
				26C1D7F222E33FD30057DED1 /* Products */,
				B511A2FC22EE8C470062B8D4 /* Frameworks */,
				B508E10122F8F6FB002C4C76 /* Resources */,
			);
			sourceTree = "<group>";
		};
		26C1D7F222E33FD30057DED1 /* Products */ = {
			isa = PBXGroup;
			children = (
				B533A68622F2533800FD3FB2 /* SwiftUI-StarterKit.app */,
			);
			name = Products;
			sourceTree = "<group>";
		};
		B508E10122F8F6FB002C4C76 /* Resources */ = {
			isa = PBXGroup;
			children = (
				B508E0FF22F8F6F7002C4C76 /* banner.jpeg */,
			);
			path = Resources;
			sourceTree = "<group>";
		};
		B511A2EB22EE8A2D0062B8D4 /* Shared */ = {
			isa = PBXGroup;
			children = (
				B5712BA622F262A300DFF152 /* Helpers */,
				26B69D1622E51448001AD18F /* Models */,
				B511A2EC22EE8A900062B8D4 /* Views */,
				B5712B9922F2604D00DFF152 /* SharedAssets.xcassets */,
			);
			path = Shared;
			sourceTree = "<group>";
		};
		B511A2EC22EE8A900062B8D4 /* Views */ = {
			isa = PBXGroup;
			children = (
				26B69D1C22E52B7F001AD18F /* PostView.swift */,
				26BBF27022E66EAD006CC669 /* PostDetailView.swift */,
				26746F0A22ECD4DC00A57918 /* CommentsView.swift */,
				B5E60CB522EFD2A000A0075B /* MetadataView.swift */,
				B57D131922FD8F3500E7642E /* FlairView.swift */,
			);
			path = Views;
			sourceTree = "<group>";
		};
		B511A2FC22EE8C470062B8D4 /* Frameworks */ = {
			isa = PBXGroup;
			children = (
			);
			name = Frameworks;
			sourceTree = "<group>";
		};
		B51542E522F25B5C000ADC16 /* Representable */ = {
			isa = PBXGroup;
			children = (
				B51542E622F25B75000ADC16 /* SpinnerView.swift */,
			);
			path = Representable;
			sourceTree = "<group>";
		};
		B533A68722F2533800FD3FB2 /* SwiftUI-StarterKit */ = {
			isa = PBXGroup;
			children = (
				B5712B9F22F260E400DFF152 /* Helpers */,
				B51542E522F25B5C000ADC16 /* Representable */,
				B533A68822F2533800FD3FB2 /* AppDelegate.swift */,
				B5712BAF22F2807800DFF152 /* ContentViewState.swift */,
				B51542F022F25C80000ADC16 /* ContentView.swift */,
				B5712BAD22F2731600DFF152 /* PostList.swift */,
				B533A68C22F2533900FD3FB2 /* Assets.xcassets */,
				B533A69122F2533900FD3FB2 /* Main.storyboard */,
				B533A69422F2533900FD3FB2 /* Info.plist */,
				B533A69522F2533900FD3FB2 /* SwiftUI-StarterKitentitlements */,
				B533A68E22F2533900FD3FB2 /* Preview Content */,
			);
			path = "SwiftUI-StarterKit";
			sourceTree = "<group>";
		};
		B533A68E22F2533900FD3FB2 /* Preview Content */ = {
			isa = PBXGroup;
			children = (
				B533A68F22F2533900FD3FB2 /* Preview Assets.xcassets */,
			);
			path = "Preview Content";
			sourceTree = "<group>";
		};
		B5712B9F22F260E400DFF152 /* Helpers */ = {
			isa = PBXGroup;
			children = (
				B5712BA022F2610200DFF152 /* DetailWindowController.swift */,
			);
			path = Helpers;
			sourceTree = "<group>";
		};
		B5712BA622F262A300DFF152 /* Helpers */ = {
			isa = PBXGroup;
			children = (
				267E3D9A22ECED9C00675AC7 /* Helpers.swift */,
			);
			path = Helpers;
			sourceTree = "<group>";
		};
/* End PBXGroup section */

/* Begin PBXNativeTarget section */
		B533A68522F2533800FD3FB2 /* SwiftUI-StarterKit-macOS */ = {
			isa = PBXNativeTarget;
			buildConfigurationList = B533A69622F2533900FD3FB2 /* Build configuration list for PBXNativeTarget "SwiftUI-StarterKit-macOS" */;
			buildPhases = (
				B533A68222F2533800FD3FB2 /* Sources */,
				B533A68322F2533800FD3FB2 /* Frameworks */,
				B533A68422F2533800FD3FB2 /* Resources */,
			);
			buildRules = (
			);
			dependencies = (
			);
			name = "SwiftUI-StarterKit-macOS";
			packageProductDependencies = (
			);
			productName = "Reddit-macOS";
			productReference = B533A68622F2533800FD3FB2 /* SwiftUI-StarterKit.app */;
			productType = "com.apple.product-type.application";
		};
/* End PBXNativeTarget section */

/* Begin PBXProject section */
		26C1D7E922E33FD30057DED1 /* Project object */ = {
			isa = PBXProject;
			attributes = {
				LastSwiftUpdateCheck = 1100;
				LastUpgradeCheck = 1100;
				ORGANIZATIONNAME = "Isaac Raval";
				TargetAttributes = {
					B533A68522F2533800FD3FB2 = {
						CreatedOnToolsVersion = 11.0;
					};
				};
			};
			buildConfigurationList = 26C1D7EC22E33FD30057DED1 /* Build configuration list for PBXProject "SwiftUI-StarterKit" */;
			compatibilityVersion = "Xcode 9.3";
			developmentRegion = en;
			hasScannedForEncodings = 0;
			knownRegions = (
				en,
				Base,
			);
			mainGroup = 26C1D7E822E33FD30057DED1;
			packageReferences = (
			);
			productRefGroup = 26C1D7F222E33FD30057DED1 /* Products */;
			projectDirPath = "";
			projectRoot = "";
			targets = (
				B533A68522F2533800FD3FB2 /* SwiftUI-StarterKit-macOS */,
			);
		};
/* End PBXProject section */

/* Begin PBXResourcesBuildPhase section */
		B533A68422F2533800FD3FB2 /* Resources */ = {
			isa = PBXResourcesBuildPhase;
			buildActionMask = 2147483647;
			files = (
				B533A69322F2533900FD3FB2 /* Main.storyboard in Resources */,
				B533A69022F2533900FD3FB2 /* Preview Assets.xcassets in Resources */,
				B533A68D22F2533900FD3FB2 /* Assets.xcassets in Resources */,
				B5712B9B22F2606000DFF152 /* SharedAssets.xcassets in Resources */,
			);
			runOnlyForDeploymentPostprocessing = 0;
		};
/* End PBXResourcesBuildPhase section */

/* Begin PBXSourcesBuildPhase section */
		B533A68222F2533800FD3FB2 /* Sources */ = {
			isa = PBXSourcesBuildPhase;
			buildActionMask = 2147483647;
			files = (
				B51542DE22F253C7000ADC16 /* SortBy.swift in Sources */,
				B5712BAE22F2731600DFF152 /* PostList.swift in Sources */,
				B51542E122F253C7000ADC16 /* MetadataView.swift in Sources */,
				B51542F122F25C80000ADC16 /* ContentView.swift in Sources */,
				B51542EC22F25C0E000ADC16 /* PostDetailView.swift in Sources */,
				B51542E022F253C7000ADC16 /* Helpers.swift in Sources */,
				B5712BA122F2610200DFF152 /* DetailWindowController.swift in Sources */,
				B51542DF22F253C7000ADC16 /* Comment.swift in Sources */,
				B5712BB022F2807800DFF152 /* ContentViewState.swift in Sources */,
				B51542DC22F253C7000ADC16 /* Post.swift in Sources */,
				B51542E722F25B75000ADC16 /* SpinnerView.swift in Sources */,
				B51542DD22F253C7000ADC16 /* Listing.swift in Sources */,
				B533A68922F2533800FD3FB2 /* AppDelegate.swift in Sources */,
				B51542ED22F25C14000ADC16 /* CommentsView.swift in Sources */,
				B51542EB22F25C05000ADC16 /* PostView.swift in Sources */,
				B57D131C22FD8F3B00E7642E /* FlairView.swift in Sources */,
			);
			runOnlyForDeploymentPostprocessing = 0;
		};
/* End PBXSourcesBuildPhase section */

/* Begin PBXVariantGroup section */
		B533A69122F2533900FD3FB2 /* Main.storyboard */ = {
			isa = PBXVariantGroup;
			children = (
				B533A69222F2533900FD3FB2 /* Base */,
			);
			name = Main.storyboard;
			sourceTree = "<group>";
		};
/* End PBXVariantGroup section */

/* Begin XCBuildConfiguration section */
		26C1D80322E33FD40057DED1 /* Debug */ = {
			isa = XCBuildConfiguration;
			buildSettings = {
				ALWAYS_SEARCH_USER_PATHS = NO;
				CLANG_ANALYZER_NONNULL = YES;
				CLANG_ANALYZER_NUMBER_OBJECT_CONVERSION = YES_AGGRESSIVE;
				CLANG_CXX_LANGUAGE_STANDARD = "gnu++14";
				CLANG_CXX_LIBRARY = "libc++";
				CLANG_ENABLE_MODULES = YES;
				CLANG_ENABLE_OBJC_ARC = YES;
				CLANG_ENABLE_OBJC_WEAK = YES;
				CLANG_WARN_BLOCK_CAPTURE_AUTORELEASING = YES;
				CLANG_WARN_BOOL_CONVERSION = YES;
				CLANG_WARN_COMMA = YES;
				CLANG_WARN_CONSTANT_CONVERSION = YES;
				CLANG_WARN_DEPRECATED_OBJC_IMPLEMENTATIONS = YES;
				CLANG_WARN_DIRECT_OBJC_ISA_USAGE = YES_ERROR;
				CLANG_WARN_DOCUMENTATION_COMMENTS = YES;
				CLANG_WARN_EMPTY_BODY = YES;
				CLANG_WARN_ENUM_CONVERSION = YES;
				CLANG_WARN_INFINITE_RECURSION = YES;
				CLANG_WARN_INT_CONVERSION = YES;
				CLANG_WARN_NON_LITERAL_NULL_CONVERSION = YES;
				CLANG_WARN_OBJC_IMPLICIT_RETAIN_SELF = YES;
				CLANG_WARN_OBJC_LITERAL_CONVERSION = YES;
				CLANG_WARN_OBJC_ROOT_CLASS = YES_ERROR;
				CLANG_WARN_RANGE_LOOP_ANALYSIS = YES;
				CLANG_WARN_STRICT_PROTOTYPES = YES;
				CLANG_WARN_SUSPICIOUS_MOVE = YES;
				CLANG_WARN_UNGUARDED_AVAILABILITY = YES_AGGRESSIVE;
				CLANG_WARN_UNREACHABLE_CODE = YES;
				CLANG_WARN__DUPLICATE_METHOD_MATCH = YES;
				COPY_PHASE_STRIP = NO;
				DEBUG_INFORMATION_FORMAT = dwarf;
				ENABLE_STRICT_OBJC_MSGSEND = YES;
				ENABLE_TESTABILITY = YES;
				GCC_C_LANGUAGE_STANDARD = gnu11;
				GCC_DYNAMIC_NO_PIC = NO;
				GCC_NO_COMMON_BLOCKS = YES;
				GCC_OPTIMIZATION_LEVEL = 0;
				GCC_PREPROCESSOR_DEFINITIONS = (
					"DEBUG=1",
					"$(inherited)",
				);
				GCC_WARN_64_TO_32_BIT_CONVERSION = YES;
				GCC_WARN_ABOUT_RETURN_TYPE = YES_ERROR;
				GCC_WARN_UNDECLARED_SELECTOR = YES;
				GCC_WARN_UNINITIALIZED_AUTOS = YES_AGGRESSIVE;
				GCC_WARN_UNUSED_FUNCTION = YES;
				GCC_WARN_UNUSED_VARIABLE = YES;
				IPHONEOS_DEPLOYMENT_TARGET = 13.0;
				MTL_ENABLE_DEBUG_INFO = INCLUDE_SOURCE;
				MTL_FAST_MATH = YES;
				ONLY_ACTIVE_ARCH = YES;
				SDKROOT = iphoneos;
				SWIFT_ACTIVE_COMPILATION_CONDITIONS = DEBUG;
				SWIFT_OPTIMIZATION_LEVEL = "-Onone";
			};
			name = Debug;
		};
		26C1D80422E33FD40057DED1 /* Release */ = {
			isa = XCBuildConfiguration;
			buildSettings = {
				ALWAYS_SEARCH_USER_PATHS = NO;
				CLANG_ANALYZER_NONNULL = YES;
				CLANG_ANALYZER_NUMBER_OBJECT_CONVERSION = YES_AGGRESSIVE;
				CLANG_CXX_LANGUAGE_STANDARD = "gnu++14";
				CLANG_CXX_LIBRARY = "libc++";
				CLANG_ENABLE_MODULES = YES;
				CLANG_ENABLE_OBJC_ARC = YES;
				CLANG_ENABLE_OBJC_WEAK = YES;
				CLANG_WARN_BLOCK_CAPTURE_AUTORELEASING = YES;
				CLANG_WARN_BOOL_CONVERSION = YES;
				CLANG_WARN_COMMA = YES;
				CLANG_WARN_CONSTANT_CONVERSION = YES;
				CLANG_WARN_DEPRECATED_OBJC_IMPLEMENTATIONS = YES;
				CLANG_WARN_DIRECT_OBJC_ISA_USAGE = YES_ERROR;
				CLANG_WARN_DOCUMENTATION_COMMENTS = YES;
				CLANG_WARN_EMPTY_BODY = YES;
				CLANG_WARN_ENUM_CONVERSION = YES;
				CLANG_WARN_INFINITE_RECURSION = YES;
				CLANG_WARN_INT_CONVERSION = YES;
				CLANG_WARN_NON_LITERAL_NULL_CONVERSION = YES;
				CLANG_WARN_OBJC_IMPLICIT_RETAIN_SELF = YES;
				CLANG_WARN_OBJC_LITERAL_CONVERSION = YES;
				CLANG_WARN_OBJC_ROOT_CLASS = YES_ERROR;
				CLANG_WARN_RANGE_LOOP_ANALYSIS = YES;
				CLANG_WARN_STRICT_PROTOTYPES = YES;
				CLANG_WARN_SUSPICIOUS_MOVE = YES;
				CLANG_WARN_UNGUARDED_AVAILABILITY = YES_AGGRESSIVE;
				CLANG_WARN_UNREACHABLE_CODE = YES;
				CLANG_WARN__DUPLICATE_METHOD_MATCH = YES;
				COPY_PHASE_STRIP = NO;
				DEBUG_INFORMATION_FORMAT = "dwarf-with-dsym";
				ENABLE_NS_ASSERTIONS = NO;
				ENABLE_STRICT_OBJC_MSGSEND = YES;
				GCC_C_LANGUAGE_STANDARD = gnu11;
				GCC_NO_COMMON_BLOCKS = YES;
				GCC_WARN_64_TO_32_BIT_CONVERSION = YES;
				GCC_WARN_ABOUT_RETURN_TYPE = YES_ERROR;
				GCC_WARN_UNDECLARED_SELECTOR = YES;
				GCC_WARN_UNINITIALIZED_AUTOS = YES_AGGRESSIVE;
				GCC_WARN_UNUSED_FUNCTION = YES;
				GCC_WARN_UNUSED_VARIABLE = YES;
				IPHONEOS_DEPLOYMENT_TARGET = 13.0;
				MTL_ENABLE_DEBUG_INFO = NO;
				MTL_FAST_MATH = YES;
				SDKROOT = iphoneos;
				SWIFT_COMPILATION_MODE = wholemodule;
				SWIFT_OPTIMIZATION_LEVEL = "-O";
				VALIDATE_PRODUCT = YES;
			};
			name = Release;
		};
		B533A69722F2533900FD3FB2 /* Debug */ = {
			isa = XCBuildConfiguration;
			buildSettings = {
				ASSETCATALOG_COMPILER_APPICON_NAME = AppIcon;
				CODE_SIGN_ENTITLEMENTS = "Reddit-macOS/Reddit_macOS.entitlements";
				CODE_SIGN_IDENTITY = "-";
				CODE_SIGN_STYLE = Manual;
				COMBINE_HIDPI_IMAGES = YES;
				DEVELOPMENT_ASSET_PATHS = "SwiftUI-StarterKit/Preview\\ Content";
				DEVELOPMENT_TEAM = "";
				ENABLE_HARDENED_RUNTIME = YES;
				ENABLE_PREVIEWS = YES;
				INFOPLIST_FILE = "SwiftUI-StarterKit/Info.plist";
				LD_RUNPATH_SEARCH_PATHS = (
					"$(inherited)",
					"@executable_path/../Frameworks",
				);
				MACOSX_DEPLOYMENT_TARGET = 10.15;
				PRODUCT_BUNDLE_IDENTIFIER = com.IsaacRaval.SwiftUIStarterKit;
				PRODUCT_NAME = "SwiftUI-StarterKit";
				PROVISIONING_PROFILE_SPECIFIER = "";
				SDKROOT = macosx;
				SWIFT_VERSION = 5.0;
			};
			name = Debug;
		};
		B533A69822F2533900FD3FB2 /* Release */ = {
			isa = XCBuildConfiguration;
			buildSettings = {
				ASSETCATALOG_COMPILER_APPICON_NAME = AppIcon;
				CODE_SIGN_ENTITLEMENTS = "Reddit-macOS/Reddit_macOS.entitlements";
				CODE_SIGN_IDENTITY = "-";
				CODE_SIGN_STYLE = Manual;
				COMBINE_HIDPI_IMAGES = YES;
				DEVELOPMENT_ASSET_PATHS = "SwiftUI-StarterKit/Preview\\ Content";
				DEVELOPMENT_TEAM = "";
				ENABLE_HARDENED_RUNTIME = YES;
				ENABLE_PREVIEWS = YES;
				INFOPLIST_FILE = "SwiftUI-StarterKit/Info.plist";
				LD_RUNPATH_SEARCH_PATHS = (
					"$(inherited)",
					"@executable_path/../Frameworks",
				);
				MACOSX_DEPLOYMENT_TARGET = 10.15;
				PRODUCT_BUNDLE_IDENTIFIER = com.IsaacRaval.SwiftUIStarterKit;
				PRODUCT_NAME = "SwiftUI-StarterKit";
				PROVISIONING_PROFILE_SPECIFIER = "";
				SDKROOT = macosx;
				SWIFT_VERSION = 5.0;
			};
			name = Release;
		};
/* End XCBuildConfiguration section */

/* Begin XCConfigurationList section */
		26C1D7EC22E33FD30057DED1 /* Build configuration list for PBXProject "SwiftUI-StarterKit" */ = {
			isa = XCConfigurationList;
			buildConfigurations = (
				26C1D80322E33FD40057DED1 /* Debug */,
				26C1D80422E33FD40057DED1 /* Release */,
			);
			defaultConfigurationIsVisible = 0;
			defaultConfigurationName = Release;
		};
		B533A69622F2533900FD3FB2 /* Build configuration list for PBXNativeTarget "SwiftUI-StarterKit-macOS" */ = {
			isa = XCConfigurationList;
			buildConfigurations = (
				B533A69722F2533900FD3FB2 /* Debug */,
				B533A69822F2533900FD3FB2 /* Release */,
			);
			defaultConfigurationIsVisible = 0;
			defaultConfigurationName = Release;
		};
/* End XCConfigurationList section */
	};
	rootObject = 26C1D7E922E33FD30057DED1 /* Project object */;
}
